
Microsoft Visual Studio Solution File, Format Version 12.00
# Visual Studio Version 17
VisualStudioVersion = 17.14.36915.13 d17.14
MinimumVisualStudioVersion = 10.0.40219.1
Project("{FAE04EC0-301F-11D3-BF4B-00C04F79EFBC}") = "ConsoleApp1", "ConsoleApp1.csproj", "{E0B7711E-16BA-49F9-8BF1-766C28835E30}"
EndProject
Global
	GlobalSection(SolutionConfigurationPlatforms) = preSolution
		Debug|Any CPU = Debug|Any CPU
		Release|Any CPU = Release|Any CPU
	EndGlobalSection
	GlobalSection(ProjectConfigurationPlatforms) = postSolution
		{E0B7711E-16BA-49F9-8BF1-766C28835E30}.Debug|Any CPU.ActiveCfg = Debug|Any CPU
		{E0B7711E-16BA-49F9-8BF1-766C28835E30}.Debug|Any CPU.Build.0 = Debug|Any CPU
		{E0B7711E-16BA-49F9-8BF1-766C28835E30}.Release|Any CPU.ActiveCfg = Release|Any CPU
		{E0B7711E-16BA-49F9-8BF1-766C28835E30}.Release|Any CPU.Build.0 = Release|Any CPU
	EndGlobalSection
	GlobalSection(SolutionProperties) = preSolution
		HideSolutionNode = FALSE
	EndGlobalSection
	GlobalSection(ExtensibilityGlobals) = postSolution
		SolutionGuid = {35FB6363-51A3-405A-AD0D-9082E182C7EE}
	EndGlobalSection
EndGlobal
